
Microsoft Visual Studio Solution File, Format Version 12.00
# Visual Studio Version 17
VisualStudioVersion = 17.0.31903.59
MinimumVisualStudioVersion = 10.0.40219.1
Project("{9A19103F-16F7-4668-BE54-9A1E7A4F7556}") = "Lexicon.Api", "Lexicon.Api\Lexicon.Api.csproj", "{A6A69F1E-5D8C-46F1-A39C-E5CFFF471B63}"
EndProject
Project("{9A19103F-16F7-4668-BE54-9A1E7A4F7556}") = "Lexicon.Frontend", "Lexicon.Frontend\Lexicon.Frontend.csproj", "{B8C7E002-6D5B-4533-9E2B-53FF72B3DDAB}"
EndProject
Global
	GlobalSection(SolutionConfigurationPlatforms) = preSolution
		Debug|Any CPU = Debug|Any CPU
		Release|Any CPU = Release|Any CPU
	EndGlobalSection
	GlobalSection(ProjectConfigurationPlatforms) = postSolution
		{A6A69F1E-5D8C-46F1-A39C-E5CFFF471B63}.Debug|Any CPU.ActiveCfg = Debug|Any CPU
		{A6A69F1E-5D8C-46F1-A39C-E5CFFF471B63}.Debug|Any CPU.Build.0 = Debug|Any CPU
		{A6A69F1E-5D8C-46F1-A39C-E5CFFF471B63}.Release|Any CPU.ActiveCfg = Release|Any CPU
		{A6A69F1E-5D8C-46F1-A39C-E5CFFF471B63}.Release|Any CPU.Build.0 = Release|Any CPU
		{B8C7E002-6D5B-4533-9E2B-53FF72B3DDAB}.Debug|Any CPU.ActiveCfg = Debug|Any CPU
		{B8C7E002-6D5B-4533-9E2B-53FF72B3DDAB}.Debug|Any CPU.Build.0 = Debug|Any CPU
		{B8C7E002-6D5B-4533-9E2B-53FF72B3DDAB}.Release|Any CPU.ActiveCfg = Release|Any CPU
		{B8C7E002-6D5B-4533-9E2B-53FF72B3DDAB}.Release|Any CPU.Build.0 = Release|Any CPU
	EndGlobalSection
	GlobalSection(SolutionProperties) = preSolution
		HideSolutionNode = FALSE
	EndGlobalSection
	GlobalSection(ExtensibilityGlobals) = postSolution
		SolutionGuid = {FE9771EC-D27B-47DC-9519-681BA97B3929}
	EndGlobalSection
EndGlobal
